
Microsoft Visual Studio Solution File, Format Version 12.00
# Visual Studio 15
Project("{FAE04EC0-301F-11D3-BF4B-00C04F79EFBC}") = "Assembly-CSharp", "Assembly-CSharp.csproj", "{FDBCC305-7204-759E-F460-4F252189BEC9}"
EndProject
Global
	GlobalSection(SolutionConfigurationPlatforms) = preSolution
		Debug|Any CPU = Debug|Any CPU
		Release|Any CPU = Release|Any CPU
	EndGlobalSection
	GlobalSection(ProjectConfigurationPlatforms) = postSolution
		{FDBCC305-7204-759E-F460-4F252189BEC9}.Debug|Any CPU.ActiveCfg = Debug|Any CPU
		{FDBCC305-7204-759E-F460-4F252189BEC9}.Debug|Any CPU.Build.0 = Debug|Any CPU
		{FDBCC305-7204-759E-F460-4F252189BEC9}.Release|Any CPU.ActiveCfg = Release|Any CPU
		{FDBCC305-7204-759E-F460-4F252189BEC9}.Release|Any CPU.Build.0 = Release|Any CPU
	EndGlobalSection
	GlobalSection(SolutionProperties) = preSolution
		HideSolutionNode = FALSE
	EndGlobalSection
EndGlobal
